{
    "_meta": {
        "hash": {
            "sha256": "357e0afbaad6c2f4c2f8e1a54f99be42bba9836c726efa3d6f13f5416a551eff"
        },
        "pipfile-spec": 6,
        "requires": {
            "python_version": "3.7"
        },
        "sources": [
            {
                "name": "pypi",
                "url": "https://pypi.org/simple",
                "verify_ssl": true
            }
        ]
    },
    "default": {
        "pika": {
            "hashes": [
                "sha256:4e1a1a6585a41b2341992ec32aadb7a919d649eb82904fd8e4a4e0871c8cf3af",
                "sha256:9fa76ba4b65034b878b2b8de90ff8660a59d925b087c5bb88f8fdbb4b64a1dbf"
            ],
            "index": "pypi",
            "version": "==1.1.0"
        },
        "restrictedpython": {
            "hashes": [
                "sha256:9bd69505147b0ff8c68f4ff5a275975a3ab66fc43cbf3b61a195650ed767cd4e",
                "sha256:a080569bffdf53371ae3e754ab1732f43054b1bab904fc100f74ba68ac731abc"
            ],
            "index": "pypi",
            "version": "==5.0"
        }
    },
    "develop": {}
}
